
Microsoft Visual Studio Solution File, Format Version 12.00
# Visual Studio 15
VisualStudioVersion = 15.0.27703.2018
MinimumVisualStudioVersion = 10.0.40219.1
Project("{9A19103F-16F7-4668-BE54-9A1E7A4F7556}") = "stellar-dotnetcore-sdk", "dotnetcore\stellar-dotnetcore-sdk.csproj", "{E666E329-3013-424D-8E82-C76FAD2445CC}"
EndProject
Project("{9A19103F-16F7-4668-BE54-9A1E7A4F7556}") = "stellar-dotnetstandard-sdk", "dotnetstandard\stellar-dotnetstandard-sdk.csproj", "{DB1AD616-8D13-49E0-956B-12F4A3E93CE2}"
EndProject
Global
	GlobalSection(SolutionConfigurationPlatforms) = preSolution
		Debug|Any CPU = Debug|Any CPU
		Release|Any CPU = Release|Any CPU
	EndGlobalSection
	GlobalSection(ProjectConfigurationPlatforms) = postSolution
		{E666E329-3013-424D-8E82-C76FAD2445CC}.Debug|Any CPU.ActiveCfg = Debug|Any CPU
		{E666E329-3013-424D-8E82-C76FAD2445CC}.Debug|Any CPU.Build.0 = Debug|Any CPU
		{E666E329-3013-424D-8E82-C76FAD2445CC}.Release|Any CPU.ActiveCfg = Release|Any CPU
		{E666E329-3013-424D-8E82-C76FAD2445CC}.Release|Any CPU.Build.0 = Release|Any CPU
		{DB1AD616-8D13-49E0-956B-12F4A3E93CE2}.Debug|Any CPU.ActiveCfg = Debug|Any CPU
		{DB1AD616-8D13-49E0-956B-12F4A3E93CE2}.Debug|Any CPU.Build.0 = Debug|Any CPU
		{DB1AD616-8D13-49E0-956B-12F4A3E93CE2}.Release|Any CPU.ActiveCfg = Release|Any CPU
		{DB1AD616-8D13-49E0-956B-12F4A3E93CE2}.Release|Any CPU.Build.0 = Release|Any CPU
	EndGlobalSection
	GlobalSection(SolutionProperties) = preSolution
		HideSolutionNode = FALSE
	EndGlobalSection
	GlobalSection(ExtensibilityGlobals) = postSolution
		SolutionGuid = {E63EA592-2696-4E6A-BA56-97D6016449FB}
	EndGlobalSection
EndGlobal
