
Microsoft Visual Studio Solution File, Format Version 12.00
# Visual Studio 15
VisualStudioVersion = 15.0.27703.2018
MinimumVisualStudioVersion = 10.0.40219.1
Project("{9A19103F-16F7-4668-BE54-9A1E7A4F7556}") = "stellar-dotnet-sdk", "stellar-dotnet-sdk\stellar-dotnet-sdk.csproj", "{6041C4AE-94DE-435B-84F5-D35D2CC5B9DE}"
EndProject
Project("{9A19103F-16F7-4668-BE54-9A1E7A4F7556}") = "stellar-dotnet-sdk-test", "stellar-dotnet-sdk-test\stellar-dotnet-sdk-test.csproj", "{B005220F-602B-4888-A72F-A4583181773A}"
EndProject
Project("{9A19103F-16F7-4668-BE54-9A1E7A4F7556}") = "stellar-dotnet-sdk-console", "stellar-dotnet-sdk-console\stellar-dotnet-sdk-console.csproj", "{7BA6DFB8-5736-47EC-8995-E652D221E077}"
EndProject
Global
	GlobalSection(SolutionConfigurationPlatforms) = preSolution
		Debug|Any CPU = Debug|Any CPU
		Release|Any CPU = Release|Any CPU
	EndGlobalSection
	GlobalSection(ProjectConfigurationPlatforms) = postSolution
		{6041C4AE-94DE-435B-84F5-D35D2CC5B9DE}.Debug|Any CPU.ActiveCfg = Debug|Any CPU
		{6041C4AE-94DE-435B-84F5-D35D2CC5B9DE}.Debug|Any CPU.Build.0 = Debug|Any CPU
		{6041C4AE-94DE-435B-84F5-D35D2CC5B9DE}.Release|Any CPU.ActiveCfg = Release|Any CPU
		{6041C4AE-94DE-435B-84F5-D35D2CC5B9DE}.Release|Any CPU.Build.0 = Release|Any CPU
		{B005220F-602B-4888-A72F-A4583181773A}.Debug|Any CPU.ActiveCfg = Debug|Any CPU
		{B005220F-602B-4888-A72F-A4583181773A}.Debug|Any CPU.Build.0 = Debug|Any CPU
		{B005220F-602B-4888-A72F-A4583181773A}.Release|Any CPU.ActiveCfg = Release|Any CPU
		{B005220F-602B-4888-A72F-A4583181773A}.Release|Any CPU.Build.0 = Release|Any CPU
		{7BA6DFB8-5736-47EC-8995-E652D221E077}.Debug|Any CPU.ActiveCfg = Debug|Any CPU
		{7BA6DFB8-5736-47EC-8995-E652D221E077}.Debug|Any CPU.Build.0 = Debug|Any CPU
		{7BA6DFB8-5736-47EC-8995-E652D221E077}.Release|Any CPU.ActiveCfg = Release|Any CPU
		{7BA6DFB8-5736-47EC-8995-E652D221E077}.Release|Any CPU.Build.0 = Release|Any CPU
	EndGlobalSection
	GlobalSection(SolutionProperties) = preSolution
		HideSolutionNode = FALSE
	EndGlobalSection
	GlobalSection(ExtensibilityGlobals) = postSolution
		SolutionGuid = {E63EA592-2696-4E6A-BA56-97D6016449FB}
	EndGlobalSection
EndGlobal
