
Microsoft Visual Studio Solution File, Format Version 12.00
# Visual Studio 15
VisualStudioVersion = 15.0.27004.2006
MinimumVisualStudioVersion = 10.0.40219.1
Project("{9A19103F-16F7-4668-BE54-9A1E7A4F7556}") = "stellar-dotnetcore-sdk", "stellar-dotnetcore-sdk\stellar-dotnetcore-sdk.csproj", "{82644215-E2EC-4298-8885-3A451F3D9A14}"
EndProject
Project("{9A19103F-16F7-4668-BE54-9A1E7A4F7556}") = "stellar-dotnetcore-unittest", "stellar-dotnetcore-unittest\stellar-dotnetcore-unittest.csproj", "{593CA2BC-E6AB-4EDA-B380-7A867EE7D790}"
EndProject
Project("{9A19103F-16F7-4668-BE54-9A1E7A4F7556}") = "Chaos.NaCl", "Chaos.NaCl\Chaos.NaCl.csproj", "{8A5018CD-306F-4EB5-ABB2-490A90B1D49D}"
EndProject
Project("{9A19103F-16F7-4668-BE54-9A1E7A4F7556}") = "TestConsole", "TestConsole\TestConsole.csproj", "{7C04C507-C287-412D-B5DB-2FA802942345}"
EndProject
Project("{FAE04EC0-301F-11D3-BF4B-00C04F79EFBC}") = "SampleApp", "SampleApp\SampleApp.csproj", "{A6CEC828-24D7-4C57-A2DE-60C5F70C75A7}"
EndProject
Global
	GlobalSection(SolutionConfigurationPlatforms) = preSolution
		Debug|Any CPU = Debug|Any CPU
		Release|Any CPU = Release|Any CPU
	EndGlobalSection
	GlobalSection(ProjectConfigurationPlatforms) = postSolution
		{82644215-E2EC-4298-8885-3A451F3D9A14}.Debug|Any CPU.ActiveCfg = Debug|Any CPU
		{82644215-E2EC-4298-8885-3A451F3D9A14}.Debug|Any CPU.Build.0 = Debug|Any CPU
		{82644215-E2EC-4298-8885-3A451F3D9A14}.Release|Any CPU.ActiveCfg = Release|Any CPU
		{82644215-E2EC-4298-8885-3A451F3D9A14}.Release|Any CPU.Build.0 = Release|Any CPU
		{593CA2BC-E6AB-4EDA-B380-7A867EE7D790}.Debug|Any CPU.ActiveCfg = Debug|Any CPU
		{593CA2BC-E6AB-4EDA-B380-7A867EE7D790}.Debug|Any CPU.Build.0 = Debug|Any CPU
		{593CA2BC-E6AB-4EDA-B380-7A867EE7D790}.Release|Any CPU.ActiveCfg = Release|Any CPU
		{593CA2BC-E6AB-4EDA-B380-7A867EE7D790}.Release|Any CPU.Build.0 = Release|Any CPU
		{8A5018CD-306F-4EB5-ABB2-490A90B1D49D}.Debug|Any CPU.ActiveCfg = Debug|Any CPU
		{8A5018CD-306F-4EB5-ABB2-490A90B1D49D}.Debug|Any CPU.Build.0 = Debug|Any CPU
		{8A5018CD-306F-4EB5-ABB2-490A90B1D49D}.Release|Any CPU.ActiveCfg = Release|Any CPU
		{8A5018CD-306F-4EB5-ABB2-490A90B1D49D}.Release|Any CPU.Build.0 = Release|Any CPU
		{7C04C507-C287-412D-B5DB-2FA802942345}.Debug|Any CPU.ActiveCfg = Debug|Any CPU
		{7C04C507-C287-412D-B5DB-2FA802942345}.Debug|Any CPU.Build.0 = Debug|Any CPU
		{7C04C507-C287-412D-B5DB-2FA802942345}.Release|Any CPU.ActiveCfg = Release|Any CPU
		{7C04C507-C287-412D-B5DB-2FA802942345}.Release|Any CPU.Build.0 = Release|Any CPU
		{A6CEC828-24D7-4C57-A2DE-60C5F70C75A7}.Debug|Any CPU.ActiveCfg = Debug|Any CPU
		{A6CEC828-24D7-4C57-A2DE-60C5F70C75A7}.Debug|Any CPU.Build.0 = Debug|Any CPU
		{A6CEC828-24D7-4C57-A2DE-60C5F70C75A7}.Release|Any CPU.ActiveCfg = Release|Any CPU
		{A6CEC828-24D7-4C57-A2DE-60C5F70C75A7}.Release|Any CPU.Build.0 = Release|Any CPU
	EndGlobalSection
	GlobalSection(SolutionProperties) = preSolution
		HideSolutionNode = FALSE
	EndGlobalSection
	GlobalSection(ExtensibilityGlobals) = postSolution
		SolutionGuid = {6ACBF48F-26A3-4364-9786-C8B61C1686A5}
	EndGlobalSection
EndGlobal
